
Microsoft Visual Studio Solution File, Format Version 12.00
# Visual Studio 15
VisualStudioVersion = 15.0.28307.1231
MinimumVisualStudioVersion = 10.0.40219.1
Project("{2150E333-8FDC-42A3-9474-1A3956D46DE8}") = "Domain", "Domain", "{C3030F2B-2B57-4072-BEE3-F922C5FDA9B7}"
EndProject
Project("{9A19103F-16F7-4668-BE54-9A1E7A4F7556}") = "MicroRabbit.Domain.Core", "MicroRabbit.Domain.Core\MicroRabbit.Domain.Core.csproj", "{DEA013F4-B990-4B9F-AF74-5A90924512CE}"
EndProject
Project("{2150E333-8FDC-42A3-9474-1A3956D46DE8}") = "Infra.Bus", "Infra.Bus", "{CA16711E-4F89-4D38-B2E3-D4969A62982D}"
EndProject
Project("{9A19103F-16F7-4668-BE54-9A1E7A4F7556}") = "MicroRabbit.Infra.Bus", "MicroRabbit.Infra.Bus\MicroRabbit.Infra.Bus.csproj", "{5426DC16-07DC-4AE6-A61D-52FF9BC3E2EC}"
EndProject
Project("{2150E333-8FDC-42A3-9474-1A3956D46DE8}") = "Infra.IOC", "Infra.IOC", "{FFA016CB-4436-4226-A075-8B3F48D107B3}"
EndProject
Project("{9A19103F-16F7-4668-BE54-9A1E7A4F7556}") = "MicroRabbitMQ.Infra.IOC", "MicroRabbitMQ.Infra.IOC\MicroRabbitMQ.Infra.IOC.csproj", "{8AA799CD-002B-48DA-ABDB-97B89B38826C}"
EndProject
Project("{2150E333-8FDC-42A3-9474-1A3956D46DE8}") = "MicroServices", "MicroServices", "{47B9A011-F404-46F5-9B65-97682B837346}"
EndProject
Project("{2150E333-8FDC-42A3-9474-1A3956D46DE8}") = "Banking", "Banking", "{FABCD08C-D502-42F9-91C4-4B753054B878}"
EndProject
Project("{2150E333-8FDC-42A3-9474-1A3956D46DE8}") = "API", "API", "{E11FE33C-DC53-411E-99A8-4B811A94DDDE}"
EndProject
Project("{2150E333-8FDC-42A3-9474-1A3956D46DE8}") = "Domain", "Domain", "{E8D6FD46-90BF-4022-B365-ADEB8A636F93}"
EndProject
Project("{2150E333-8FDC-42A3-9474-1A3956D46DE8}") = "Application", "Application", "{E87E8EAB-89B6-4D13-ADD9-7E0698CA07C1}"
EndProject
Project("{2150E333-8FDC-42A3-9474-1A3956D46DE8}") = "Data", "Data", "{4AC592D7-4E6C-4531-AA14-1DF3A8838813}"
EndProject
Project("{9A19103F-16F7-4668-BE54-9A1E7A4F7556}") = "MicroRabbit.Banking.API", "MicroServices\Banking\MicroRabbit.Banking.API\MicroRabbit.Banking.API.csproj", "{1B560D1F-825E-4CED-BD83-6A3240CD2C7A}"
EndProject
Project("{FAE04EC0-301F-11D3-BF4B-00C04F79EFBC}") = "MicroRabbit.Banking.Application", "MicroServices\Banking\MicroRabbit.Banking.Application\MicroRabbit.Banking.Application.csproj", "{E40AFB90-7770-4074-87A6-4A74FFE91B62}"
EndProject
Project("{FAE04EC0-301F-11D3-BF4B-00C04F79EFBC}") = "MicroRabbit.Banking.Data", "MicroServices\Banking\MicroRabbit.Banking.Data\MicroRabbit.Banking.Data.csproj", "{4808FC5A-D0FE-4853-A5DA-080C276C27A1}"
EndProject
Project("{FAE04EC0-301F-11D3-BF4B-00C04F79EFBC}") = "MicroRabbit.Banking.Domain", "MicroServices\Banking\MicroRabbit.Banking.Domain\MicroRabbit.Banking.Domain.csproj", "{025FBDB2-34D5-4F61-B098-93711600C89D}"
EndProject
Global
	GlobalSection(SolutionConfigurationPlatforms) = preSolution
		Debug|Any CPU = Debug|Any CPU
		Debug|x64 = Debug|x64
		Debug|x86 = Debug|x86
		Release|Any CPU = Release|Any CPU
		Release|x64 = Release|x64
		Release|x86 = Release|x86
	EndGlobalSection
	GlobalSection(ProjectConfigurationPlatforms) = postSolution
		{DEA013F4-B990-4B9F-AF74-5A90924512CE}.Debug|Any CPU.ActiveCfg = Debug|Any CPU
		{DEA013F4-B990-4B9F-AF74-5A90924512CE}.Debug|Any CPU.Build.0 = Debug|Any CPU
		{DEA013F4-B990-4B9F-AF74-5A90924512CE}.Debug|x64.ActiveCfg = Debug|Any CPU
		{DEA013F4-B990-4B9F-AF74-5A90924512CE}.Debug|x64.Build.0 = Debug|Any CPU
		{DEA013F4-B990-4B9F-AF74-5A90924512CE}.Debug|x86.ActiveCfg = Debug|Any CPU
		{DEA013F4-B990-4B9F-AF74-5A90924512CE}.Debug|x86.Build.0 = Debug|Any CPU
		{DEA013F4-B990-4B9F-AF74-5A90924512CE}.Release|Any CPU.ActiveCfg = Release|Any CPU
		{DEA013F4-B990-4B9F-AF74-5A90924512CE}.Release|Any CPU.Build.0 = Release|Any CPU
		{DEA013F4-B990-4B9F-AF74-5A90924512CE}.Release|x64.ActiveCfg = Release|Any CPU
		{DEA013F4-B990-4B9F-AF74-5A90924512CE}.Release|x64.Build.0 = Release|Any CPU
		{DEA013F4-B990-4B9F-AF74-5A90924512CE}.Release|x86.ActiveCfg = Release|Any CPU
		{DEA013F4-B990-4B9F-AF74-5A90924512CE}.Release|x86.Build.0 = Release|Any CPU
		{5426DC16-07DC-4AE6-A61D-52FF9BC3E2EC}.Debug|Any CPU.ActiveCfg = Debug|Any CPU
		{5426DC16-07DC-4AE6-A61D-52FF9BC3E2EC}.Debug|Any CPU.Build.0 = Debug|Any CPU
		{5426DC16-07DC-4AE6-A61D-52FF9BC3E2EC}.Debug|x64.ActiveCfg = Debug|Any CPU
		{5426DC16-07DC-4AE6-A61D-52FF9BC3E2EC}.Debug|x64.Build.0 = Debug|Any CPU
		{5426DC16-07DC-4AE6-A61D-52FF9BC3E2EC}.Debug|x86.ActiveCfg = Debug|Any CPU
		{5426DC16-07DC-4AE6-A61D-52FF9BC3E2EC}.Debug|x86.Build.0 = Debug|Any CPU
		{5426DC16-07DC-4AE6-A61D-52FF9BC3E2EC}.Release|Any CPU.ActiveCfg = Release|Any CPU
		{5426DC16-07DC-4AE6-A61D-52FF9BC3E2EC}.Release|Any CPU.Build.0 = Release|Any CPU
		{5426DC16-07DC-4AE6-A61D-52FF9BC3E2EC}.Release|x64.ActiveCfg = Release|Any CPU
		{5426DC16-07DC-4AE6-A61D-52FF9BC3E2EC}.Release|x64.Build.0 = Release|Any CPU
		{5426DC16-07DC-4AE6-A61D-52FF9BC3E2EC}.Release|x86.ActiveCfg = Release|Any CPU
		{5426DC16-07DC-4AE6-A61D-52FF9BC3E2EC}.Release|x86.Build.0 = Release|Any CPU
		{8AA799CD-002B-48DA-ABDB-97B89B38826C}.Debug|Any CPU.ActiveCfg = Debug|Any CPU
		{8AA799CD-002B-48DA-ABDB-97B89B38826C}.Debug|Any CPU.Build.0 = Debug|Any CPU
		{8AA799CD-002B-48DA-ABDB-97B89B38826C}.Debug|x64.ActiveCfg = Debug|Any CPU
		{8AA799CD-002B-48DA-ABDB-97B89B38826C}.Debug|x64.Build.0 = Debug|Any CPU
		{8AA799CD-002B-48DA-ABDB-97B89B38826C}.Debug|x86.ActiveCfg = Debug|Any CPU
		{8AA799CD-002B-48DA-ABDB-97B89B38826C}.Debug|x86.Build.0 = Debug|Any CPU
		{8AA799CD-002B-48DA-ABDB-97B89B38826C}.Release|Any CPU.ActiveCfg = Release|Any CPU
		{8AA799CD-002B-48DA-ABDB-97B89B38826C}.Release|Any CPU.Build.0 = Release|Any CPU
		{8AA799CD-002B-48DA-ABDB-97B89B38826C}.Release|x64.ActiveCfg = Release|Any CPU
		{8AA799CD-002B-48DA-ABDB-97B89B38826C}.Release|x64.Build.0 = Release|Any CPU
		{8AA799CD-002B-48DA-ABDB-97B89B38826C}.Release|x86.ActiveCfg = Release|Any CPU
		{8AA799CD-002B-48DA-ABDB-97B89B38826C}.Release|x86.Build.0 = Release|Any CPU
		{1B560D1F-825E-4CED-BD83-6A3240CD2C7A}.Debug|Any CPU.ActiveCfg = Debug|Any CPU
		{1B560D1F-825E-4CED-BD83-6A3240CD2C7A}.Debug|Any CPU.Build.0 = Debug|Any CPU
		{1B560D1F-825E-4CED-BD83-6A3240CD2C7A}.Debug|x64.ActiveCfg = Debug|Any CPU
		{1B560D1F-825E-4CED-BD83-6A3240CD2C7A}.Debug|x64.Build.0 = Debug|Any CPU
		{1B560D1F-825E-4CED-BD83-6A3240CD2C7A}.Debug|x86.ActiveCfg = Debug|Any CPU
		{1B560D1F-825E-4CED-BD83-6A3240CD2C7A}.Debug|x86.Build.0 = Debug|Any CPU
		{1B560D1F-825E-4CED-BD83-6A3240CD2C7A}.Release|Any CPU.ActiveCfg = Release|Any CPU
		{1B560D1F-825E-4CED-BD83-6A3240CD2C7A}.Release|Any CPU.Build.0 = Release|Any CPU
		{1B560D1F-825E-4CED-BD83-6A3240CD2C7A}.Release|x64.ActiveCfg = Release|Any CPU
		{1B560D1F-825E-4CED-BD83-6A3240CD2C7A}.Release|x64.Build.0 = Release|Any CPU
		{1B560D1F-825E-4CED-BD83-6A3240CD2C7A}.Release|x86.ActiveCfg = Release|Any CPU
		{1B560D1F-825E-4CED-BD83-6A3240CD2C7A}.Release|x86.Build.0 = Release|Any CPU
		{E40AFB90-7770-4074-87A6-4A74FFE91B62}.Debug|Any CPU.ActiveCfg = Debug|Any CPU
		{E40AFB90-7770-4074-87A6-4A74FFE91B62}.Debug|Any CPU.Build.0 = Debug|Any CPU
		{E40AFB90-7770-4074-87A6-4A74FFE91B62}.Debug|x64.ActiveCfg = Debug|Any CPU
		{E40AFB90-7770-4074-87A6-4A74FFE91B62}.Debug|x64.Build.0 = Debug|Any CPU
		{E40AFB90-7770-4074-87A6-4A74FFE91B62}.Debug|x86.ActiveCfg = Debug|Any CPU
		{E40AFB90-7770-4074-87A6-4A74FFE91B62}.Debug|x86.Build.0 = Debug|Any CPU
		{E40AFB90-7770-4074-87A6-4A74FFE91B62}.Release|Any CPU.ActiveCfg = Release|Any CPU
		{E40AFB90-7770-4074-87A6-4A74FFE91B62}.Release|Any CPU.Build.0 = Release|Any CPU
		{E40AFB90-7770-4074-87A6-4A74FFE91B62}.Release|x64.ActiveCfg = Release|Any CPU
		{E40AFB90-7770-4074-87A6-4A74FFE91B62}.Release|x64.Build.0 = Release|Any CPU
		{E40AFB90-7770-4074-87A6-4A74FFE91B62}.Release|x86.ActiveCfg = Release|Any CPU
		{E40AFB90-7770-4074-87A6-4A74FFE91B62}.Release|x86.Build.0 = Release|Any CPU
		{4808FC5A-D0FE-4853-A5DA-080C276C27A1}.Debug|Any CPU.ActiveCfg = Debug|Any CPU
		{4808FC5A-D0FE-4853-A5DA-080C276C27A1}.Debug|Any CPU.Build.0 = Debug|Any CPU
		{4808FC5A-D0FE-4853-A5DA-080C276C27A1}.Debug|x64.ActiveCfg = Debug|Any CPU
		{4808FC5A-D0FE-4853-A5DA-080C276C27A1}.Debug|x64.Build.0 = Debug|Any CPU
		{4808FC5A-D0FE-4853-A5DA-080C276C27A1}.Debug|x86.ActiveCfg = Debug|Any CPU
		{4808FC5A-D0FE-4853-A5DA-080C276C27A1}.Debug|x86.Build.0 = Debug|Any CPU
		{4808FC5A-D0FE-4853-A5DA-080C276C27A1}.Release|Any CPU.ActiveCfg = Release|Any CPU
		{4808FC5A-D0FE-4853-A5DA-080C276C27A1}.Release|Any CPU.Build.0 = Release|Any CPU
		{4808FC5A-D0FE-4853-A5DA-080C276C27A1}.Release|x64.ActiveCfg = Release|Any CPU
		{4808FC5A-D0FE-4853-A5DA-080C276C27A1}.Release|x64.Build.0 = Release|Any CPU
		{4808FC5A-D0FE-4853-A5DA-080C276C27A1}.Release|x86.ActiveCfg = Release|Any CPU
		{4808FC5A-D0FE-4853-A5DA-080C276C27A1}.Release|x86.Build.0 = Release|Any CPU
		{025FBDB2-34D5-4F61-B098-93711600C89D}.Debug|Any CPU.ActiveCfg = Debug|Any CPU
		{025FBDB2-34D5-4F61-B098-93711600C89D}.Debug|Any CPU.Build.0 = Debug|Any CPU
		{025FBDB2-34D5-4F61-B098-93711600C89D}.Debug|x64.ActiveCfg = Debug|Any CPU
		{025FBDB2-34D5-4F61-B098-93711600C89D}.Debug|x64.Build.0 = Debug|Any CPU
		{025FBDB2-34D5-4F61-B098-93711600C89D}.Debug|x86.ActiveCfg = Debug|Any CPU
		{025FBDB2-34D5-4F61-B098-93711600C89D}.Debug|x86.Build.0 = Debug|Any CPU
		{025FBDB2-34D5-4F61-B098-93711600C89D}.Release|Any CPU.ActiveCfg = Release|Any CPU
		{025FBDB2-34D5-4F61-B098-93711600C89D}.Release|Any CPU.Build.0 = Release|Any CPU
		{025FBDB2-34D5-4F61-B098-93711600C89D}.Release|x64.ActiveCfg = Release|Any CPU
		{025FBDB2-34D5-4F61-B098-93711600C89D}.Release|x64.Build.0 = Release|Any CPU
		{025FBDB2-34D5-4F61-B098-93711600C89D}.Release|x86.ActiveCfg = Release|Any CPU
		{025FBDB2-34D5-4F61-B098-93711600C89D}.Release|x86.Build.0 = Release|Any CPU
	EndGlobalSection
	GlobalSection(SolutionProperties) = preSolution
		HideSolutionNode = FALSE
	EndGlobalSection
	GlobalSection(NestedProjects) = preSolution
		{DEA013F4-B990-4B9F-AF74-5A90924512CE} = {C3030F2B-2B57-4072-BEE3-F922C5FDA9B7}
		{5426DC16-07DC-4AE6-A61D-52FF9BC3E2EC} = {CA16711E-4F89-4D38-B2E3-D4969A62982D}
		{8AA799CD-002B-48DA-ABDB-97B89B38826C} = {FFA016CB-4436-4226-A075-8B3F48D107B3}
		{FABCD08C-D502-42F9-91C4-4B753054B878} = {47B9A011-F404-46F5-9B65-97682B837346}
		{E11FE33C-DC53-411E-99A8-4B811A94DDDE} = {FABCD08C-D502-42F9-91C4-4B753054B878}
		{E8D6FD46-90BF-4022-B365-ADEB8A636F93} = {FABCD08C-D502-42F9-91C4-4B753054B878}
		{E87E8EAB-89B6-4D13-ADD9-7E0698CA07C1} = {FABCD08C-D502-42F9-91C4-4B753054B878}
		{4AC592D7-4E6C-4531-AA14-1DF3A8838813} = {FABCD08C-D502-42F9-91C4-4B753054B878}
		{1B560D1F-825E-4CED-BD83-6A3240CD2C7A} = {E11FE33C-DC53-411E-99A8-4B811A94DDDE}
		{E40AFB90-7770-4074-87A6-4A74FFE91B62} = {E87E8EAB-89B6-4D13-ADD9-7E0698CA07C1}
		{4808FC5A-D0FE-4853-A5DA-080C276C27A1} = {4AC592D7-4E6C-4531-AA14-1DF3A8838813}
		{025FBDB2-34D5-4F61-B098-93711600C89D} = {E8D6FD46-90BF-4022-B365-ADEB8A636F93}
	EndGlobalSection
	GlobalSection(ExtensibilityGlobals) = postSolution
		SolutionGuid = {9DDA8AE4-256F-42DD-9126-38D62116F5E8}
	EndGlobalSection
EndGlobal
